{
  "name": "big-bad-query",
  "version": "1.0.0",
  "lockfileVersion": 3,
  "requires": true,
  "packages": {
    "": {
      "name": "big-bad-query",
      "version": "1.0.0",
      "license": "ISC",
      "dependencies": {
        "@supabase/supabase-js": "https://pkg.pr.new/@supabase/supabase-js@2078",
        "dotenv": "^17.2.3"
      }
    },
    "node_modules/@supabase/auth-js": {
      "version": "0.0.0",
      "resolved": "https://pkg.pr.new/supabase/supabase-js/@supabase/auth-js@fe9b363",
      "integrity": "sha512-1YBK3hgQoWrlVQu6j9GloQ+N0KARC8tMTcjrCHMOZraK8U4SuL0CZ/GdIEU3eHy6gh04veIp5kCyDuANVDPwKQ==",
      "license": "MIT",
      "dependencies": {
        "tslib": "2.8.1"
      },
      "engines": {
        "node": ">=20.0.0"
      }
    },
    "node_modules/@supabase/functions-js": {
      "version": "0.0.0-automated",
      "resolved": "https://pkg.pr.new/supabase/supabase-js/@supabase/functions-js@fe9b363",
      "integrity": "sha512-1u5ePCyTJlcnfuf6h2s7tdS41V7gV9FSTuPR9ngKbjKk8jmZcA7v+KlGezu84yz/Su/O51W1yZFZE5VTbQYh2Q==",
      "license": "MIT",
      "dependencies": {
        "tslib": "2.8.1"
      },
      "engines": {
        "node": ">=20.0.0"
      }
    },
    "node_modules/@supabase/postgrest-js": {
      "version": "0.0.0-automated",
      "resolved": "https://pkg.pr.new/supabase/supabase-js/@supabase/postgrest-js@fe9b363",
      "integrity": "sha512-CbjHlOpGIQJ/rGs51HCI51QloN7e2XOFfoE17cGyMWBsj0IFXNwfmjRxuyS+3YyJsoQl4Ugd7VNai+X/f8Ahng==",
      "license": "MIT",
      "dependencies": {
        "tslib": "2.8.1"
      },
      "engines": {
        "node": ">=20.0.0"
      }
    },
    "node_modules/@supabase/realtime-js": {
      "version": "0.0.0-automated",
      "resolved": "https://pkg.pr.new/supabase/supabase-js/@supabase/realtime-js@fe9b363",
      "integrity": "sha512-65Ba1NgNAkFFFfUoYIHjtsmLIWsQXrkOZmEFppymMRS0gkmoq4gMfxWhP1WONiK+Pj/e4sx1yi8Rw8DZWIQF8w==",
      "license": "MIT",
      "dependencies": {
        "@types/phoenix": "^1.6.6",
        "@types/ws": "^8.18.1",
        "tslib": "2.8.1",
        "ws": "^8.18.2"
      },
      "engines": {
        "node": ">=20.0.0"
      }
    },
    "node_modules/@supabase/storage-js": {
      "version": "0.0.0",
      "resolved": "https://pkg.pr.new/supabase/supabase-js/@supabase/storage-js@fe9b363",
      "integrity": "sha512-XB37GEg88jRyxOm1TcKy8vavC+UtiLEVt+Kk2vVhN7cNxwGev4i9sdAEcCkAUJt9DQCV557DWr05CfmOz9+KGA==",
      "license": "MIT",
      "dependencies": {
        "iceberg-js": "^0.8.1",
        "tslib": "2.8.1"
      },
      "engines": {
        "node": ">=20.0.0"
      }
    },
    "node_modules/@supabase/supabase-js": {
      "version": "0.0.0-automated",
      "resolved": "https://pkg.pr.new/@supabase/supabase-js@2078",
      "integrity": "sha512-ByY7qVl8ochNck13uUmltAkY4NIB9cvq5vn6vY12HI91HJj+X3x/qY8Vobp/e9CHduQDXBg8hxtCQ+0wuHIbPA==",
      "license": "MIT",
      "dependencies": {
        "@supabase/auth-js": "https://pkg.pr.new/supabase/supabase-js/@supabase/auth-js@fe9b363",
        "@supabase/functions-js": "https://pkg.pr.new/supabase/supabase-js/@supabase/functions-js@fe9b363",
        "@supabase/postgrest-js": "https://pkg.pr.new/supabase/supabase-js/@supabase/postgrest-js@fe9b363",
        "@supabase/realtime-js": "https://pkg.pr.new/supabase/supabase-js/@supabase/realtime-js@fe9b363",
        "@supabase/storage-js": "https://pkg.pr.new/supabase/supabase-js/@supabase/storage-js@fe9b363"
      },
      "engines": {
        "node": ">=20.0.0"
      }
    },
    "node_modules/@types/node": {
      "version": "25.1.0",
      "resolved": "https://registry.npmjs.org/@types/node/-/node-25.1.0.tgz",
      "integrity": "sha512-t7frlewr6+cbx+9Ohpl0NOTKXZNV9xHRmNOvql47BFJKcEG1CxtxlPEEe+gR9uhVWM4DwhnvTF110mIL4yP9RA==",
      "license": "MIT",
      "dependencies": {
        "undici-types": "~7.16.0"
      }
    },
    "node_modules/@types/phoenix": {
      "version": "1.6.7",
      "resolved": "https://registry.npmjs.org/@types/phoenix/-/phoenix-1.6.7.tgz",
      "integrity": "sha512-oN9ive//QSBkf19rfDv45M7eZPi0eEXylht2OLEXicu5b4KoQ1OzXIw+xDSGWxSxe1JmepRR/ZH283vsu518/Q==",
      "license": "MIT"
    },
    "node_modules/@types/ws": {
      "version": "8.18.1",
      "resolved": "https://registry.npmjs.org/@types/ws/-/ws-8.18.1.tgz",
      "integrity": "sha512-ThVF6DCVhA8kUGy+aazFQ4kXQ7E1Ty7A3ypFOe0IcJV8O/M511G99AW24irKrW56Wt44yG9+ij8FaqoBGkuBXg==",
      "license": "MIT",
      "dependencies": {
        "@types/node": "*"
      }
    },
    "node_modules/dotenv": {
      "version": "17.2.3",
      "resolved": "https://registry.npmjs.org/dotenv/-/dotenv-17.2.3.tgz",
      "integrity": "sha512-JVUnt+DUIzu87TABbhPmNfVdBDt18BLOWjMUFJMSi/Qqg7NTYtabbvSNJGOJ7afbRuv9D/lngizHtP7QyLQ+9w==",
      "license": "BSD-2-Clause",
      "engines": {
        "node": ">=12"
      },
      "funding": {
        "url": "https://dotenvx.com"
      }
    },
    "node_modules/iceberg-js": {
      "version": "0.8.1",
      "resolved": "https://registry.npmjs.org/iceberg-js/-/iceberg-js-0.8.1.tgz",
      "integrity": "sha512-1dhVQZXhcHje7798IVM+xoo/1ZdVfzOMIc8/rgVSijRK38EDqOJoGula9N/8ZI5RD8QTxNQtK/Gozpr+qUqRRA==",
      "license": "MIT",
      "engines": {
        "node": ">=20.0.0"
      }
    },
    "node_modules/tslib": {
      "version": "2.8.1",
      "resolved": "https://registry.npmjs.org/tslib/-/tslib-2.8.1.tgz",
      "integrity": "sha512-oJFu94HQb+KVduSUQL7wnpmqnfmLsOA/nAh6b6EH0wCEoK0/mPeXU6c3wKDV83MkOuHPRHtSXKKU99IBazS/2w==",
      "license": "0BSD"
    },
    "node_modules/undici-types": {
      "version": "7.16.0",
      "resolved": "https://registry.npmjs.org/undici-types/-/undici-types-7.16.0.tgz",
      "integrity": "sha512-Zz+aZWSj8LE6zoxD+xrjh4VfkIG8Ya6LvYkZqtUQGJPZjYl53ypCaUwWqo7eI0x66KBGeRo+mlBEkMSeSZ38Nw==",
      "license": "MIT"
    },
    "node_modules/ws": {
      "version": "8.19.0",
      "resolved": "https://registry.npmjs.org/ws/-/ws-8.19.0.tgz",
      "integrity": "sha512-blAT2mjOEIi0ZzruJfIhb3nps74PRWTCz1IjglWEEpQl5XS/UNama6u2/rjFkDDouqr4L67ry+1aGIALViWjDg==",
      "license": "MIT",
      "engines": {
        "node": ">=10.0.0"
      },
      "peerDependencies": {
        "bufferutil": "^4.0.1",
        "utf-8-validate": ">=5.0.2"
      },
      "peerDependenciesMeta": {
        "bufferutil": {
          "optional": true
        },
        "utf-8-validate": {
          "optional": true
        }
      }
    }
  }
}
